
Microsoft Visual Studio Solution File, Format Version 12.00
# Visual Studio Version 16
VisualStudioVersion = 16.0.31613.86
MinimumVisualStudioVersion = 10.0.40219.1
Project("{2150E333-8FDC-42A3-9474-1A3956D46DE8}") = "Services", "Services", "{716E4989-37F2-47D2-9ACC-C7030F4EAE5D}"
EndProject
Project("{2150E333-8FDC-42A3-9474-1A3956D46DE8}") = "Catalog", "Catalog", "{70BA4117-4DEC-46C6-8648-83E9F711E82D}"
EndProject
Project("{9A19103F-16F7-4668-BE54-9A1E7A4F7556}") = "Catalog.API", "Services\Catalog\Catalog.API\Catalog.API.csproj", "{17DB3367-9B8B-49E3-9B57-6C3322DA7067}"
EndProject
Project("{E53339B2-1760-4266-BCC7-CA923CBCF16C}") = "docker-compose", "docker-compose.dcproj", "{E24F2BB5-51CD-477C-8479-32FAFFE18603}"
EndProject
Project("{2150E333-8FDC-42A3-9474-1A3956D46DE8}") = "Basket", "Basket", "{BEB320D5-31E9-46F3-8AA4-96C1DD9622F8}"
EndProject
Project("{9A19103F-16F7-4668-BE54-9A1E7A4F7556}") = "Basket.API", "Services\Basket\Basket.API\Basket.API.csproj", "{B6145CC9-D6CD-4544-9D38-D47745932E12}"
EndProject
Project("{2150E333-8FDC-42A3-9474-1A3956D46DE8}") = "Discount", "Discount", "{E9FD644D-AE2A-4CEC-9220-6F96F0115761}"
EndProject
Project("{9A19103F-16F7-4668-BE54-9A1E7A4F7556}") = "Discount.API", "Services\Discount\Discount.API\Discount.API.csproj", "{7F0EA405-BCFF-4483-AFB8-C85F17E3069B}"
EndProject
Project("{9A19103F-16F7-4668-BE54-9A1E7A4F7556}") = "Discount.Grpc", "Services\Discount\Discount.Grpc\Discount.Grpc.csproj", "{7BFD8C20-2C33-4A87-9F22-71F3F4243313}"
EndProject
Global
	GlobalSection(SolutionConfigurationPlatforms) = preSolution
		Debug|Any CPU = Debug|Any CPU
		Release|Any CPU = Release|Any CPU
	EndGlobalSection
	GlobalSection(ProjectConfigurationPlatforms) = postSolution
		{17DB3367-9B8B-49E3-9B57-6C3322DA7067}.Debug|Any CPU.ActiveCfg = Debug|Any CPU
		{17DB3367-9B8B-49E3-9B57-6C3322DA7067}.Debug|Any CPU.Build.0 = Debug|Any CPU
		{17DB3367-9B8B-49E3-9B57-6C3322DA7067}.Release|Any CPU.ActiveCfg = Release|Any CPU
		{17DB3367-9B8B-49E3-9B57-6C3322DA7067}.Release|Any CPU.Build.0 = Release|Any CPU
		{E24F2BB5-51CD-477C-8479-32FAFFE18603}.Debug|Any CPU.ActiveCfg = Debug|Any CPU
		{E24F2BB5-51CD-477C-8479-32FAFFE18603}.Debug|Any CPU.Build.0 = Debug|Any CPU
		{E24F2BB5-51CD-477C-8479-32FAFFE18603}.Release|Any CPU.ActiveCfg = Release|Any CPU
		{E24F2BB5-51CD-477C-8479-32FAFFE18603}.Release|Any CPU.Build.0 = Release|Any CPU
		{B6145CC9-D6CD-4544-9D38-D47745932E12}.Debug|Any CPU.ActiveCfg = Debug|Any CPU
		{B6145CC9-D6CD-4544-9D38-D47745932E12}.Debug|Any CPU.Build.0 = Debug|Any CPU
		{B6145CC9-D6CD-4544-9D38-D47745932E12}.Release|Any CPU.ActiveCfg = Release|Any CPU
		{B6145CC9-D6CD-4544-9D38-D47745932E12}.Release|Any CPU.Build.0 = Release|Any CPU
		{7F0EA405-BCFF-4483-AFB8-C85F17E3069B}.Debug|Any CPU.ActiveCfg = Debug|Any CPU
		{7F0EA405-BCFF-4483-AFB8-C85F17E3069B}.Debug|Any CPU.Build.0 = Debug|Any CPU
		{7F0EA405-BCFF-4483-AFB8-C85F17E3069B}.Release|Any CPU.ActiveCfg = Release|Any CPU
		{7F0EA405-BCFF-4483-AFB8-C85F17E3069B}.Release|Any CPU.Build.0 = Release|Any CPU
		{7BFD8C20-2C33-4A87-9F22-71F3F4243313}.Debug|Any CPU.ActiveCfg = Debug|Any CPU
		{7BFD8C20-2C33-4A87-9F22-71F3F4243313}.Debug|Any CPU.Build.0 = Debug|Any CPU
		{7BFD8C20-2C33-4A87-9F22-71F3F4243313}.Release|Any CPU.ActiveCfg = Release|Any CPU
		{7BFD8C20-2C33-4A87-9F22-71F3F4243313}.Release|Any CPU.Build.0 = Release|Any CPU
	EndGlobalSection
	GlobalSection(SolutionProperties) = preSolution
		HideSolutionNode = FALSE
	EndGlobalSection
	GlobalSection(NestedProjects) = preSolution
		{70BA4117-4DEC-46C6-8648-83E9F711E82D} = {716E4989-37F2-47D2-9ACC-C7030F4EAE5D}
		{17DB3367-9B8B-49E3-9B57-6C3322DA7067} = {70BA4117-4DEC-46C6-8648-83E9F711E82D}
		{BEB320D5-31E9-46F3-8AA4-96C1DD9622F8} = {716E4989-37F2-47D2-9ACC-C7030F4EAE5D}
		{B6145CC9-D6CD-4544-9D38-D47745932E12} = {BEB320D5-31E9-46F3-8AA4-96C1DD9622F8}
		{E9FD644D-AE2A-4CEC-9220-6F96F0115761} = {716E4989-37F2-47D2-9ACC-C7030F4EAE5D}
		{7F0EA405-BCFF-4483-AFB8-C85F17E3069B} = {E9FD644D-AE2A-4CEC-9220-6F96F0115761}
		{7BFD8C20-2C33-4A87-9F22-71F3F4243313} = {E9FD644D-AE2A-4CEC-9220-6F96F0115761}
	EndGlobalSection
	GlobalSection(ExtensibilityGlobals) = postSolution
		SolutionGuid = {1D7F1B9B-8248-4BF5-A3B3-59774C1460F4}
	EndGlobalSection
EndGlobal
